
Microsoft Visual Studio Solution File, Format Version 12.00
# Visual Studio Version 16
VisualStudioVersion = 16.0.29123.88
MinimumVisualStudioVersion = 10.0.40219.1
Project("{FAE04EC0-301F-11D3-BF4B-00C04F79EFBC}") = "xadrez-console", "xadrez-console\xadrez-console.csproj", "{F80F0664-FE3B-490F-81A3-AC3040BE18F5}"
EndProject
Global
	GlobalSection(SolutionConfigurationPlatforms) = preSolution
		Debug|Any CPU = Debug|Any CPU
		Release|Any CPU = Release|Any CPU
	EndGlobalSection
	GlobalSection(ProjectConfigurationPlatforms) = postSolution
		{F80F0664-FE3B-490F-81A3-AC3040BE18F5}.Debug|Any CPU.ActiveCfg = Debug|Any CPU
		{F80F0664-FE3B-490F-81A3-AC3040BE18F5}.Debug|Any CPU.Build.0 = Debug|Any CPU
		{F80F0664-FE3B-490F-81A3-AC3040BE18F5}.Release|Any CPU.ActiveCfg = Release|Any CPU
		{F80F0664-FE3B-490F-81A3-AC3040BE18F5}.Release|Any CPU.Build.0 = Release|Any CPU
	EndGlobalSection
	GlobalSection(SolutionProperties) = preSolution
		HideSolutionNode = FALSE
	EndGlobalSection
	GlobalSection(ExtensibilityGlobals) = postSolution
		SolutionGuid = {62A30A0C-2092-4A4E-AE4E-F6C6ABC55753}
	EndGlobalSection
EndGlobal
